
Microsoft Visual Studio Solution File, Format Version 12.00
# Visual Studio Version 17
VisualStudioVersion = 17.9.34714.143
MinimumVisualStudioVersion = 10.0.40219.1
Project("{FAE04EC0-301F-11D3-BF4B-00C04F79EFBC}") = "Task.Server", "Task.Server\Task.Server.csproj", "{38537F17-FF78-4129-8940-141556F452C3}"
EndProject
Project("{54A90642-561A-4BB1-A94E-469ADEE60C69}") = "task.client", "task.client\task.client.esproj", "{1EEB2C98-A73B-467B-BC31-AAA1FADC707D}"
EndProject
Global
	GlobalSection(SolutionConfigurationPlatforms) = preSolution
		Debug|Any CPU = Debug|Any CPU
		Release|Any CPU = Release|Any CPU
	EndGlobalSection
	GlobalSection(ProjectConfigurationPlatforms) = postSolution
		{38537F17-FF78-4129-8940-141556F452C3}.Debug|Any CPU.ActiveCfg = Debug|Any CPU
		{38537F17-FF78-4129-8940-141556F452C3}.Debug|Any CPU.Build.0 = Debug|Any CPU
		{38537F17-FF78-4129-8940-141556F452C3}.Release|Any CPU.ActiveCfg = Release|Any CPU
		{38537F17-FF78-4129-8940-141556F452C3}.Release|Any CPU.Build.0 = Release|Any CPU
		{1EEB2C98-A73B-467B-BC31-AAA1FADC707D}.Debug|Any CPU.ActiveCfg = Debug|Any CPU
		{1EEB2C98-A73B-467B-BC31-AAA1FADC707D}.Debug|Any CPU.Build.0 = Debug|Any CPU
		{1EEB2C98-A73B-467B-BC31-AAA1FADC707D}.Debug|Any CPU.Deploy.0 = Debug|Any CPU
		{1EEB2C98-A73B-467B-BC31-AAA1FADC707D}.Release|Any CPU.ActiveCfg = Release|Any CPU
		{1EEB2C98-A73B-467B-BC31-AAA1FADC707D}.Release|Any CPU.Build.0 = Release|Any CPU
		{1EEB2C98-A73B-467B-BC31-AAA1FADC707D}.Release|Any CPU.Deploy.0 = Release|Any CPU
	EndGlobalSection
	GlobalSection(SolutionProperties) = preSolution
		HideSolutionNode = FALSE
	EndGlobalSection
	GlobalSection(ExtensibilityGlobals) = postSolution
		SolutionGuid = {AF603B7A-0725-4D7C-8003-C47C4912900F}
	EndGlobalSection
EndGlobal
